{
  "requires": true,
  "lockfileVersion": 1,
  "dependencies": {
    "vue-material-design-icons": {
      "version": "4.10.0",
      "resolved": "https://registry.npmjs.org/vue-material-design-icons/-/vue-material-design-icons-4.10.0.tgz",
      "integrity": "sha512-BakM+52NYsU9uW/rWvpHJvs+B7kaEaaH0CQGWmpz/PDTUduzVyajrE5/zc+vQltD5EJvtKQ4LCUgkoQOnrcyzg=="
    }
  }
}
