{
  "requires": true,
  "lockfileVersion": 1,
  "dependencies": {
    "@fortawesome/fontawesome-common-types": {
      "version": "0.2.21",
      "resolved": "https://registry.npmjs.org/@fortawesome/fontawesome-common-types/-/fontawesome-common-types-0.2.21.tgz",
      "integrity": "sha512-iJtcrU2BtF9Wyr0zm3tHEJy3HqA6sADExhCqCv3SKaJJKKp4ORJ40t4nyHvcWXSVFtd7r1gcdqcRsAfoREGTFA=="
    },
    "@fortawesome/fontawesome-free": {
      "version": "5.10.1",
      "resolved": "https://registry.npmjs.org/@fortawesome/fontawesome-free/-/fontawesome-free-5.10.1.tgz",
      "integrity": "sha512-PYncBhgN1l02mwHmczukexmu4yRTjRDAAdcK62jdWSAW8epcnZ9K2win/7rMrffiv/c7XLVDA8vD+yi6WyvbGQ==",
      "dev": true
    },
    "@fortawesome/fontawesome-svg-core": {
      "version": "1.2.21",
      "resolved": "https://registry.npmjs.org/@fortawesome/fontawesome-svg-core/-/fontawesome-svg-core-1.2.21.tgz",
      "integrity": "sha512-EhrgMZLJS0tTYZhUbodurZBqDgAFLDNdxJP/q5unrZJwiFo8Dd7xGvJdhAhY5WcX4khzkPQcbLTCMPHBtutD7Q==",
      "requires": {
        "@fortawesome/fontawesome-common-types": "^0.2.21"
      }
    },
    "@fortawesome/free-solid-svg-icons": {
      "version": "5.10.1",
      "resolved": "https://registry.npmjs.org/@fortawesome/free-solid-svg-icons/-/free-solid-svg-icons-5.10.1.tgz",
      "integrity": "sha512-MKH+SCt0DnVoXdemxf6JEdTRtCPwYLMCWZcwgGccYU/ab6QcDtbAMn6Xm4Zub6YqQCcaiy0hU294YdHOldSBRA==",
      "requires": {
        "@fortawesome/fontawesome-common-types": "^0.2.21"
      }
    },
    "@fortawesome/vue-fontawesome": {
      "version": "0.1.6",
      "resolved": "https://registry.npmjs.org/@fortawesome/vue-fontawesome/-/vue-fontawesome-0.1.6.tgz",
      "integrity": "sha512-HAGRbrOuGDwwUmCYdpzR0hhNQ3EE30dOS4JiJKcoZ+S4M210CxyU0OXCgzIg3HzK/23rlpHbV8zi9PDDZDnuIw=="
    }
  }
}
