# THIS IS AN AUTOGENERATED FILE. DO NOT EDIT THIS FILE DIRECTLY.
# yarn lockfile v1


"@fortawesome/fontawesome-common-types@^0.2.21":
  version "0.2.21"
  resolved "https://registry.yarnpkg.com/@fortawesome/fontawesome-common-types/-/fontawesome-common-types-0.2.21.tgz#f1c26ae24761cca583de7cafd1273ab4c70a4d87"
  integrity sha512-iJtcrU2BtF9Wyr0zm3tHEJy3HqA6sADExhCqCv3SKaJJKKp4ORJ40t4nyHvcWXSVFtd7r1gcdqcRsAfoREGTFA==

"@fortawesome/fontawesome-free@^5.10.1":
  version "5.10.1"
  resolved "https://registry.yarnpkg.com/@fortawesome/fontawesome-free/-/fontawesome-free-5.10.1.tgz#dec28ee02c3fc51da46d53ce4da9d5787312fbd7"
  integrity sha512-PYncBhgN1l02mwHmczukexmu4yRTjRDAAdcK62jdWSAW8epcnZ9K2win/7rMrffiv/c7XLVDA8vD+yi6WyvbGQ==

"@fortawesome/fontawesome-svg-core@^1.2.21":
  version "1.2.21"
  resolved "https://registry.yarnpkg.com/@fortawesome/fontawesome-svg-core/-/fontawesome-svg-core-1.2.21.tgz#5b08a28d6e1ea198e002447b158abba00fd12122"
  integrity sha512-EhrgMZLJS0tTYZhUbodurZBqDgAFLDNdxJP/q5unrZJwiFo8Dd7xGvJdhAhY5WcX4khzkPQcbLTCMPHBtutD7Q==
  dependencies:
    "@fortawesome/fontawesome-common-types" "^0.2.21"

"@fortawesome/free-solid-svg-icons@^5.10.1":
  version "5.10.1"
  resolved "https://registry.yarnpkg.com/@fortawesome/free-solid-svg-icons/-/free-solid-svg-icons-5.10.1.tgz#535fd5429dbe99656de4f1a8ee42d9f8f5a7aef9"
  integrity sha512-MKH+SCt0DnVoXdemxf6JEdTRtCPwYLMCWZcwgGccYU/ab6QcDtbAMn6Xm4Zub6YqQCcaiy0hU294YdHOldSBRA==
  dependencies:
    "@fortawesome/fontawesome-common-types" "^0.2.21"

"@fortawesome/vue-fontawesome@^0.1.6":
  version "0.1.6"
  resolved "https://registry.yarnpkg.com/@fortawesome/vue-fontawesome/-/vue-fontawesome-0.1.6.tgz#18a0f4263b90f65180fc927325ba01896276ea04"
  integrity sha512-HAGRbrOuGDwwUmCYdpzR0hhNQ3EE30dOS4JiJKcoZ+S4M210CxyU0OXCgzIg3HzK/23rlpHbV8zi9PDDZDnuIw==

vue-social-sharing@^2.4.6:
  version "2.4.6"
  resolved "https://registry.yarnpkg.com/vue-social-sharing/-/vue-social-sharing-2.4.6.tgz#7e9f9c62a4ff335da547bd21eed7829c2920608d"
  integrity sha512-uhDUA4Ha9+erYeP9/27PEA4pqp8m5UuboP8X8VdD2yw5dJVW+V8NpsixY19avJiP556N5mzZarNjkYhboaJRxQ==
  dependencies:
    vue "^2.2.4"

vue@^2.2.4:
  version "2.6.10"
  resolved "https://registry.yarnpkg.com/vue/-/vue-2.6.10.tgz#a72b1a42a4d82a721ea438d1b6bf55e66195c637"
  integrity sha512-ImThpeNU9HbdZL3utgMCq0oiMzAkt1mcgy3/E6zWC/G6AaQoeuFdsl9nDhTDU3X1R6FK7nsIUuRACVcjI+A2GQ==
